
Microsoft Visual Studio Solution File, Format Version 12.00
# Visual Studio Version 16
VisualStudioVersion = 16.0.32228.343
MinimumVisualStudioVersion = 10.0.40219.1
Project("{FAE04EC0-301F-11D3-BF4B-00C04F79EFBC}") = "QL_2", "QL_2.csproj", "{50D4C8A4-3C2B-4AF3-AF22-DA006A0ED256}"
EndProject
Global
	GlobalSection(SolutionConfigurationPlatforms) = preSolution
		Debug|Any CPU = Debug|Any CPU
		Release|Any CPU = Release|Any CPU
	EndGlobalSection
	GlobalSection(ProjectConfigurationPlatforms) = postSolution
		{50D4C8A4-3C2B-4AF3-AF22-DA006A0ED256}.Debug|Any CPU.ActiveCfg = Debug|Any CPU
		{50D4C8A4-3C2B-4AF3-AF22-DA006A0ED256}.Debug|Any CPU.Build.0 = Debug|Any CPU
		{50D4C8A4-3C2B-4AF3-AF22-DA006A0ED256}.Release|Any CPU.ActiveCfg = Release|Any CPU
		{50D4C8A4-3C2B-4AF3-AF22-DA006A0ED256}.Release|Any CPU.Build.0 = Release|Any CPU
	EndGlobalSection
	GlobalSection(SolutionProperties) = preSolution
		HideSolutionNode = FALSE
	EndGlobalSection
	GlobalSection(ExtensibilityGlobals) = postSolution
		SolutionGuid = {FC179F6E-28E3-4C64-BF36-589EB8CA1E3B}
	EndGlobalSection
EndGlobal
